
Microsoft Visual Studio Solution File, Format Version 12.00
# Visual Studio Version 16
VisualStudioVersion = 16.0.32106.194
MinimumVisualStudioVersion = 10.0.40219.1
Project("{FAE04EC0-301F-11D3-BF4B-00C04F79EFBC}") = "ContaFinanceira.Domain", "ContaFinanceira.Domain\ContaFinanceira.Domain.csproj", "{D85114EB-4DD2-46EE-A5A6-8DE1E8719FD2}"
EndProject
Project("{FAE04EC0-301F-11D3-BF4B-00C04F79EFBC}") = "ContaFinanceira.Application", "ContaFinanceira.Application\ContaFinanceira.Application.csproj", "{CCA2BE28-D54C-4309-9283-EACD637558DF}"
EndProject
Project("{FAE04EC0-301F-11D3-BF4B-00C04F79EFBC}") = "ContaFinanceira.Persistance", "ContaFinanceira.Persistance\ContaFinanceira.Persistance.csproj", "{8898D897-32FF-4951-8215-E9B79B616D98}"
EndProject
Project("{FAE04EC0-301F-11D3-BF4B-00C04F79EFBC}") = "ContaFinanceira.Utils", "ContaFinanceira.Utils\ContaFinanceira.Utils.csproj", "{003205EE-B15F-4A7A-835B-25225F2F8019}"
EndProject
Project("{FAE04EC0-301F-11D3-BF4B-00C04F79EFBC}") = "ContaFinanceira.API", "ContaFinanceira.API\ContaFinanceira.API.csproj", "{6F824D8B-17F2-4BFE-B850-BFB40C92F29C}"
EndProject
Global
	GlobalSection(SolutionConfigurationPlatforms) = preSolution
		Debug|Any CPU = Debug|Any CPU
		Release|Any CPU = Release|Any CPU
	EndGlobalSection
	GlobalSection(ProjectConfigurationPlatforms) = postSolution
		{D85114EB-4DD2-46EE-A5A6-8DE1E8719FD2}.Debug|Any CPU.ActiveCfg = Debug|Any CPU
		{D85114EB-4DD2-46EE-A5A6-8DE1E8719FD2}.Debug|Any CPU.Build.0 = Debug|Any CPU
		{D85114EB-4DD2-46EE-A5A6-8DE1E8719FD2}.Release|Any CPU.ActiveCfg = Release|Any CPU
		{D85114EB-4DD2-46EE-A5A6-8DE1E8719FD2}.Release|Any CPU.Build.0 = Release|Any CPU
		{CCA2BE28-D54C-4309-9283-EACD637558DF}.Debug|Any CPU.ActiveCfg = Debug|Any CPU
		{CCA2BE28-D54C-4309-9283-EACD637558DF}.Debug|Any CPU.Build.0 = Debug|Any CPU
		{CCA2BE28-D54C-4309-9283-EACD637558DF}.Release|Any CPU.ActiveCfg = Release|Any CPU
		{CCA2BE28-D54C-4309-9283-EACD637558DF}.Release|Any CPU.Build.0 = Release|Any CPU
		{8898D897-32FF-4951-8215-E9B79B616D98}.Debug|Any CPU.ActiveCfg = Debug|Any CPU
		{8898D897-32FF-4951-8215-E9B79B616D98}.Debug|Any CPU.Build.0 = Debug|Any CPU
		{8898D897-32FF-4951-8215-E9B79B616D98}.Release|Any CPU.ActiveCfg = Release|Any CPU
		{8898D897-32FF-4951-8215-E9B79B616D98}.Release|Any CPU.Build.0 = Release|Any CPU
		{003205EE-B15F-4A7A-835B-25225F2F8019}.Debug|Any CPU.ActiveCfg = Debug|Any CPU
		{003205EE-B15F-4A7A-835B-25225F2F8019}.Debug|Any CPU.Build.0 = Debug|Any CPU
		{003205EE-B15F-4A7A-835B-25225F2F8019}.Release|Any CPU.ActiveCfg = Release|Any CPU
		{003205EE-B15F-4A7A-835B-25225F2F8019}.Release|Any CPU.Build.0 = Release|Any CPU
		{6F824D8B-17F2-4BFE-B850-BFB40C92F29C}.Debug|Any CPU.ActiveCfg = Debug|Any CPU
		{6F824D8B-17F2-4BFE-B850-BFB40C92F29C}.Debug|Any CPU.Build.0 = Debug|Any CPU
		{6F824D8B-17F2-4BFE-B850-BFB40C92F29C}.Release|Any CPU.ActiveCfg = Release|Any CPU
		{6F824D8B-17F2-4BFE-B850-BFB40C92F29C}.Release|Any CPU.Build.0 = Release|Any CPU
	EndGlobalSection
	GlobalSection(SolutionProperties) = preSolution
		HideSolutionNode = FALSE
	EndGlobalSection
	GlobalSection(ExtensibilityGlobals) = postSolution
		SolutionGuid = {C6B15871-9753-4FFF-8933-5F2EFD94C961}
	EndGlobalSection
EndGlobal
